
Microsoft Visual Studio Solution File, Format Version 12.00
# Visual Studio 15
VisualStudioVersion = 15.0.27004.2002
MinimumVisualStudioVersion = 10.0.40219.1
Project("{FAE04EC0-301F-11D3-BF4B-00C04F79EFBC}") = "dps2WebApi", "dps2WebApi\dps2WebApi.csproj", "{48E5DE17-C183-44C3-B700-678E67ADE447}"
EndProject
Global
	GlobalSection(SolutionConfigurationPlatforms) = preSolution
		Debug|Any CPU = Debug|Any CPU
		Release|Any CPU = Release|Any CPU
	EndGlobalSection
	GlobalSection(ProjectConfigurationPlatforms) = postSolution
		{48E5DE17-C183-44C3-B700-678E67ADE447}.Debug|Any CPU.ActiveCfg = Debug|Any CPU
		{48E5DE17-C183-44C3-B700-678E67ADE447}.Debug|Any CPU.Build.0 = Debug|Any CPU
		{48E5DE17-C183-44C3-B700-678E67ADE447}.Release|Any CPU.ActiveCfg = Release|Any CPU
		{48E5DE17-C183-44C3-B700-678E67ADE447}.Release|Any CPU.Build.0 = Release|Any CPU
	EndGlobalSection
	GlobalSection(SolutionProperties) = preSolution
		HideSolutionNode = FALSE
	EndGlobalSection
	GlobalSection(ExtensibilityGlobals) = postSolution
		SolutionGuid = {9E6D08D1-778E-4B45-A5BD-6A5406310212}
	EndGlobalSection
EndGlobal
